
Microsoft Visual Studio Solution File, Format Version 12.00
# Visual Studio Version 17
VisualStudioVersion = 17.14.36401.2 d17.14
MinimumVisualStudioVersion = 10.0.40219.1
Project("{FAE04EC0-301F-11D3-BF4B-00C04F79EFBC}") = "Microphone Test", "Microphone Test.csproj", "{6CE64E08-8A15-45B3-9EAD-D0517AE8E62B}"
EndProject
Global
	GlobalSection(SolutionConfigurationPlatforms) = preSolution
		Debug|Any CPU = Debug|Any CPU
		Release|Any CPU = Release|Any CPU
	EndGlobalSection
	GlobalSection(ProjectConfigurationPlatforms) = postSolution
		{6CE64E08-8A15-45B3-9EAD-D0517AE8E62B}.Debug|Any CPU.ActiveCfg = Debug|Any CPU
		{6CE64E08-8A15-45B3-9EAD-D0517AE8E62B}.Debug|Any CPU.Build.0 = Debug|Any CPU
		{6CE64E08-8A15-45B3-9EAD-D0517AE8E62B}.Release|Any CPU.ActiveCfg = Release|Any CPU
		{6CE64E08-8A15-45B3-9EAD-D0517AE8E62B}.Release|Any CPU.Build.0 = Release|Any CPU
	EndGlobalSection
	GlobalSection(SolutionProperties) = preSolution
		HideSolutionNode = FALSE
	EndGlobalSection
	GlobalSection(ExtensibilityGlobals) = postSolution
		SolutionGuid = {F07F7E13-1FC7-4E32-A91D-1A8714AB68E5}
	EndGlobalSection
EndGlobal
